
Microsoft Visual Studio Solution File, Format Version 12.00
# Visual Studio Version 17
VisualStudioVersion = 17.10.35027.167
MinimumVisualStudioVersion = 10.0.40219.1
Project("{FAE04EC0-301F-11D3-BF4B-00C04F79EFBC}") = "Plants_App", "Plants_App\Plants_App.csproj", "{9E16A3B1-84DA-4B97-9BE2-997AE68C7310}"
EndProject
Global
	GlobalSection(SolutionConfigurationPlatforms) = preSolution
		Debug|Any CPU = Debug|Any CPU
		Release|Any CPU = Release|Any CPU
	EndGlobalSection
	GlobalSection(ProjectConfigurationPlatforms) = postSolution
		{9E16A3B1-84DA-4B97-9BE2-997AE68C7310}.Debug|Any CPU.ActiveCfg = Debug|Any CPU
		{9E16A3B1-84DA-4B97-9BE2-997AE68C7310}.Debug|Any CPU.Build.0 = Debug|Any CPU
		{9E16A3B1-84DA-4B97-9BE2-997AE68C7310}.Release|Any CPU.ActiveCfg = Release|Any CPU
		{9E16A3B1-84DA-4B97-9BE2-997AE68C7310}.Release|Any CPU.Build.0 = Release|Any CPU
	EndGlobalSection
	GlobalSection(SolutionProperties) = preSolution
		HideSolutionNode = FALSE
	EndGlobalSection
	GlobalSection(ExtensibilityGlobals) = postSolution
		SolutionGuid = {D0AD66EA-7B06-4C19-90F8-CB6F1D08CE20}
	EndGlobalSection
EndGlobal
